
Microsoft Visual Studio Solution File, Format Version 12.00
# Visual Studio Version 16
VisualStudioVersion = 16.0.30517.126
MinimumVisualStudioVersion = 10.0.40219.1
Project("{FAE04EC0-301F-11D3-BF4B-00C04F79EFBC}") = "Leds_Run.Android", "Leds_Run\Leds_Run.Android\Leds_Run.Android.csproj", "{82D22654-E47F-428C-BDDB-08AA710006FF}"
EndProject
Project("{9A19103F-16F7-4668-BE54-9A1E7A4F7556}") = "Leds_Run", "Leds_Run\Leds_Run\Leds_Run.csproj", "{F9F66223-8DEE-4AFC-802B-A99138669C59}"
EndProject
Global
	GlobalSection(SolutionConfigurationPlatforms) = preSolution
		Debug|Any CPU = Debug|Any CPU
		Release|Any CPU = Release|Any CPU
	EndGlobalSection
	GlobalSection(ProjectConfigurationPlatforms) = postSolution
		{82D22654-E47F-428C-BDDB-08AA710006FF}.Debug|Any CPU.ActiveCfg = Debug|Any CPU
		{82D22654-E47F-428C-BDDB-08AA710006FF}.Debug|Any CPU.Build.0 = Debug|Any CPU
		{82D22654-E47F-428C-BDDB-08AA710006FF}.Debug|Any CPU.Deploy.0 = Debug|Any CPU
		{82D22654-E47F-428C-BDDB-08AA710006FF}.Release|Any CPU.ActiveCfg = Release|Any CPU
		{82D22654-E47F-428C-BDDB-08AA710006FF}.Release|Any CPU.Build.0 = Release|Any CPU
		{82D22654-E47F-428C-BDDB-08AA710006FF}.Release|Any CPU.Deploy.0 = Release|Any CPU
		{F9F66223-8DEE-4AFC-802B-A99138669C59}.Debug|Any CPU.ActiveCfg = Debug|Any CPU
		{F9F66223-8DEE-4AFC-802B-A99138669C59}.Debug|Any CPU.Build.0 = Debug|Any CPU
		{F9F66223-8DEE-4AFC-802B-A99138669C59}.Debug|Any CPU.Deploy.0 = Debug|Any CPU
		{F9F66223-8DEE-4AFC-802B-A99138669C59}.Release|Any CPU.ActiveCfg = Release|Any CPU
		{F9F66223-8DEE-4AFC-802B-A99138669C59}.Release|Any CPU.Build.0 = Release|Any CPU
		{F9F66223-8DEE-4AFC-802B-A99138669C59}.Release|Any CPU.Deploy.0 = Release|Any CPU
	EndGlobalSection
	GlobalSection(SolutionProperties) = preSolution
		HideSolutionNode = FALSE
	EndGlobalSection
	GlobalSection(ExtensibilityGlobals) = postSolution
		SolutionGuid = {AB1F736D-82A6-46B2-9505-E25B5C07C048}
	EndGlobalSection
EndGlobal
